
Microsoft Visual Studio Solution File, Format Version 12.00
# Visual Studio Version 17
VisualStudioVersion = 17.9.34607.119
MinimumVisualStudioVersion = 10.0.40219.1
Project("{9A19103F-16F7-4668-BE54-9A1E7A4F7556}") = "E-commerce.Server", "E-commerce\Server\E-commerce.Server.csproj", "{DFAB16ED-52CB-4AFC-A3ED-CF50B7B1CB67}"
EndProject
Project("{9A19103F-16F7-4668-BE54-9A1E7A4F7556}") = "E-commerce.Client", "E-commerce\Client\E-commerce.Client.csproj", "{3DB90804-6443-403C-B4FF-468EBDAA20DB}"
EndProject
Project("{9A19103F-16F7-4668-BE54-9A1E7A4F7556}") = "E-commerce.Shared", "E-commerce\Shared\E-commerce.Shared.csproj", "{4E86AF2B-884B-4C7B-A814-A235C76EE6A6}"
EndProject
Global
	GlobalSection(SolutionConfigurationPlatforms) = preSolution
		Debug|Any CPU = Debug|Any CPU
		Release|Any CPU = Release|Any CPU
	EndGlobalSection
	GlobalSection(ProjectConfigurationPlatforms) = postSolution
		{DFAB16ED-52CB-4AFC-A3ED-CF50B7B1CB67}.Debug|Any CPU.ActiveCfg = Debug|Any CPU
		{DFAB16ED-52CB-4AFC-A3ED-CF50B7B1CB67}.Debug|Any CPU.Build.0 = Debug|Any CPU
		{DFAB16ED-52CB-4AFC-A3ED-CF50B7B1CB67}.Release|Any CPU.ActiveCfg = Release|Any CPU
		{DFAB16ED-52CB-4AFC-A3ED-CF50B7B1CB67}.Release|Any CPU.Build.0 = Release|Any CPU
		{3DB90804-6443-403C-B4FF-468EBDAA20DB}.Debug|Any CPU.ActiveCfg = Debug|Any CPU
		{3DB90804-6443-403C-B4FF-468EBDAA20DB}.Debug|Any CPU.Build.0 = Debug|Any CPU
		{3DB90804-6443-403C-B4FF-468EBDAA20DB}.Release|Any CPU.ActiveCfg = Release|Any CPU
		{3DB90804-6443-403C-B4FF-468EBDAA20DB}.Release|Any CPU.Build.0 = Release|Any CPU
		{4E86AF2B-884B-4C7B-A814-A235C76EE6A6}.Debug|Any CPU.ActiveCfg = Debug|Any CPU
		{4E86AF2B-884B-4C7B-A814-A235C76EE6A6}.Debug|Any CPU.Build.0 = Debug|Any CPU
		{4E86AF2B-884B-4C7B-A814-A235C76EE6A6}.Release|Any CPU.ActiveCfg = Release|Any CPU
		{4E86AF2B-884B-4C7B-A814-A235C76EE6A6}.Release|Any CPU.Build.0 = Release|Any CPU
	EndGlobalSection
	GlobalSection(SolutionProperties) = preSolution
		HideSolutionNode = FALSE
	EndGlobalSection
	GlobalSection(ExtensibilityGlobals) = postSolution
		SolutionGuid = {9BAF1E17-55F7-4B8E-A6E8-505A4DE90EB4}
	EndGlobalSection
EndGlobal
